
Microsoft Visual Studio Solution File, Format Version 12.00
# Visual Studio Version 17
VisualStudioVersion = 17.12.35827.183
MinimumVisualStudioVersion = 10.0.40219.1
Project("{FAE04EC0-301F-11D3-BF4B-00C04F79EFBC}") = "SAMSimulationSystem", "SAMSimulationSystem\SAMSimulationSystem.csproj", "{EC92349F-A20E-491D-93BC-2F8BAC739FA4}"
EndProject
Project("{8BC9CEB8-8B4A-11D0-8D11-00A0C91BC942}") = "SAMSimulationWrapper", "SAMSimulationWrapper\SAMSimulationWrapper.vcxproj", "{48EC6BB9-F9AB-48F8-AE99-89DF52EC03DE}"
EndProject
Project("{8BC9CEB8-8B4A-11D0-8D11-00A0C91BC942}") = "AirThreatManager", "AirThreatManager\AirThreatManager.vcxproj", "{F1F5CE38-9897-4B29-A0FA-64863EE81681}"
EndProject
Project("{8BC9CEB8-8B4A-11D0-8D11-00A0C91BC942}") = "GuidedMissileManager", "GuidedMissileManager\GuidedMissileManager.vcxproj", "{69A6E13B-E079-423A-9765-2CC42F5D4656}"
EndProject
Project("{2150E333-8FDC-42A3-9474-1A3956D46DE8}") = "시뮬레이터", "시뮬레이터", "{B136A086-5A91-4E2D-820F-672BDB48668F}"
EndProject
Project("{8BC9CEB8-8B4A-11D0-8D11-00A0C91BC942}") = "MissileLauncherManager", "MissileLauncherManager\MissileLauncherManager.vcxproj", "{76BE7FED-6E05-4F3E-8710-3672E3CE2866}"
EndProject
Project("{8BC9CEB8-8B4A-11D0-8D11-00A0C91BC942}") = "RadarManager", "RadarManager\RadarManager.vcxproj", "{F24F3A8D-6C50-4BBD-9A1E-9D575712A09F}"
EndProject
Project("{2150E333-8FDC-42A3-9474-1A3956D46DE8}") = "부체계", "부체계", "{5783B78E-EC71-43BB-9CD0-14E2F6DE6995}"
EndProject
Project("{8BC9CEB8-8B4A-11D0-8D11-00A0C91BC942}") = "SAMSimulationManager", "SAMSimulationManager\SAMSimulationManager.vcxproj", "{FD87D9F1-1566-441E-92CC-F080E89159FD}"
EndProject
Project("{2150E333-8FDC-42A3-9474-1A3956D46DE8}") = "전시기", "전시기", "{878A64EA-65A7-449B-807D-2FB6CBB2EFA5}"
EndProject
Global
	GlobalSection(SolutionConfigurationPlatforms) = preSolution
		Debug|Any CPU = Debug|Any CPU
		Debug|x64 = Debug|x64
		Debug|x86 = Debug|x86
		Release|Any CPU = Release|Any CPU
		Release|x64 = Release|x64
		Release|x86 = Release|x86
	EndGlobalSection
	GlobalSection(ProjectConfigurationPlatforms) = postSolution
		{EC92349F-A20E-491D-93BC-2F8BAC739FA4}.Debug|Any CPU.ActiveCfg = Debug|Any CPU
		{EC92349F-A20E-491D-93BC-2F8BAC739FA4}.Debug|Any CPU.Build.0 = Debug|Any CPU
		{EC92349F-A20E-491D-93BC-2F8BAC739FA4}.Debug|x64.ActiveCfg = Debug|Any CPU
		{EC92349F-A20E-491D-93BC-2F8BAC739FA4}.Debug|x64.Build.0 = Debug|Any CPU
		{EC92349F-A20E-491D-93BC-2F8BAC739FA4}.Debug|x86.ActiveCfg = Debug|Any CPU
		{EC92349F-A20E-491D-93BC-2F8BAC739FA4}.Debug|x86.Build.0 = Debug|Any CPU
		{EC92349F-A20E-491D-93BC-2F8BAC739FA4}.Release|Any CPU.ActiveCfg = Release|Any CPU
		{EC92349F-A20E-491D-93BC-2F8BAC739FA4}.Release|Any CPU.Build.0 = Release|Any CPU
		{EC92349F-A20E-491D-93BC-2F8BAC739FA4}.Release|x64.ActiveCfg = Release|Any CPU
		{EC92349F-A20E-491D-93BC-2F8BAC739FA4}.Release|x64.Build.0 = Release|Any CPU
		{EC92349F-A20E-491D-93BC-2F8BAC739FA4}.Release|x86.ActiveCfg = Release|Any CPU
		{EC92349F-A20E-491D-93BC-2F8BAC739FA4}.Release|x86.Build.0 = Release|Any CPU
		{48EC6BB9-F9AB-48F8-AE99-89DF52EC03DE}.Debug|Any CPU.ActiveCfg = Debug|x64
		{48EC6BB9-F9AB-48F8-AE99-89DF52EC03DE}.Debug|Any CPU.Build.0 = Debug|x64
		{48EC6BB9-F9AB-48F8-AE99-89DF52EC03DE}.Debug|x64.ActiveCfg = Debug|x64
		{48EC6BB9-F9AB-48F8-AE99-89DF52EC03DE}.Debug|x64.Build.0 = Debug|x64
		{48EC6BB9-F9AB-48F8-AE99-89DF52EC03DE}.Debug|x86.ActiveCfg = Debug|Win32
		{48EC6BB9-F9AB-48F8-AE99-89DF52EC03DE}.Debug|x86.Build.0 = Debug|Win32
		{48EC6BB9-F9AB-48F8-AE99-89DF52EC03DE}.Release|Any CPU.ActiveCfg = Release|x64
		{48EC6BB9-F9AB-48F8-AE99-89DF52EC03DE}.Release|Any CPU.Build.0 = Release|x64
		{48EC6BB9-F9AB-48F8-AE99-89DF52EC03DE}.Release|x64.ActiveCfg = Release|x64
		{48EC6BB9-F9AB-48F8-AE99-89DF52EC03DE}.Release|x64.Build.0 = Release|x64
		{48EC6BB9-F9AB-48F8-AE99-89DF52EC03DE}.Release|x86.ActiveCfg = Release|Win32
		{48EC6BB9-F9AB-48F8-AE99-89DF52EC03DE}.Release|x86.Build.0 = Release|Win32
		{F1F5CE38-9897-4B29-A0FA-64863EE81681}.Debug|Any CPU.ActiveCfg = Debug|x64
		{F1F5CE38-9897-4B29-A0FA-64863EE81681}.Debug|Any CPU.Build.0 = Debug|x64
		{F1F5CE38-9897-4B29-A0FA-64863EE81681}.Debug|x64.ActiveCfg = Debug|x64
		{F1F5CE38-9897-4B29-A0FA-64863EE81681}.Debug|x64.Build.0 = Debug|x64
		{F1F5CE38-9897-4B29-A0FA-64863EE81681}.Debug|x86.ActiveCfg = Debug|Win32
		{F1F5CE38-9897-4B29-A0FA-64863EE81681}.Debug|x86.Build.0 = Debug|Win32
		{F1F5CE38-9897-4B29-A0FA-64863EE81681}.Release|Any CPU.ActiveCfg = Release|x64
		{F1F5CE38-9897-4B29-A0FA-64863EE81681}.Release|Any CPU.Build.0 = Release|x64
		{F1F5CE38-9897-4B29-A0FA-64863EE81681}.Release|x64.ActiveCfg = Release|x64
		{F1F5CE38-9897-4B29-A0FA-64863EE81681}.Release|x64.Build.0 = Release|x64
		{F1F5CE38-9897-4B29-A0FA-64863EE81681}.Release|x86.ActiveCfg = Release|Win32
		{F1F5CE38-9897-4B29-A0FA-64863EE81681}.Release|x86.Build.0 = Release|Win32
		{69A6E13B-E079-423A-9765-2CC42F5D4656}.Debug|Any CPU.ActiveCfg = Debug|x64
		{69A6E13B-E079-423A-9765-2CC42F5D4656}.Debug|Any CPU.Build.0 = Debug|x64
		{69A6E13B-E079-423A-9765-2CC42F5D4656}.Debug|x64.ActiveCfg = Debug|x64
		{69A6E13B-E079-423A-9765-2CC42F5D4656}.Debug|x64.Build.0 = Debug|x64
		{69A6E13B-E079-423A-9765-2CC42F5D4656}.Debug|x86.ActiveCfg = Debug|Win32
		{69A6E13B-E079-423A-9765-2CC42F5D4656}.Debug|x86.Build.0 = Debug|Win32
		{69A6E13B-E079-423A-9765-2CC42F5D4656}.Release|Any CPU.ActiveCfg = Release|x64
		{69A6E13B-E079-423A-9765-2CC42F5D4656}.Release|Any CPU.Build.0 = Release|x64
		{69A6E13B-E079-423A-9765-2CC42F5D4656}.Release|x64.ActiveCfg = Release|x64
		{69A6E13B-E079-423A-9765-2CC42F5D4656}.Release|x64.Build.0 = Release|x64
		{69A6E13B-E079-423A-9765-2CC42F5D4656}.Release|x86.ActiveCfg = Release|Win32
		{69A6E13B-E079-423A-9765-2CC42F5D4656}.Release|x86.Build.0 = Release|Win32
		{76BE7FED-6E05-4F3E-8710-3672E3CE2866}.Debug|Any CPU.ActiveCfg = Debug|x64
		{76BE7FED-6E05-4F3E-8710-3672E3CE2866}.Debug|Any CPU.Build.0 = Debug|x64
		{76BE7FED-6E05-4F3E-8710-3672E3CE2866}.Debug|x64.ActiveCfg = Debug|x64
		{76BE7FED-6E05-4F3E-8710-3672E3CE2866}.Debug|x64.Build.0 = Debug|x64
		{76BE7FED-6E05-4F3E-8710-3672E3CE2866}.Debug|x86.ActiveCfg = Debug|Win32
		{76BE7FED-6E05-4F3E-8710-3672E3CE2866}.Debug|x86.Build.0 = Debug|Win32
		{76BE7FED-6E05-4F3E-8710-3672E3CE2866}.Release|Any CPU.ActiveCfg = Release|x64
		{76BE7FED-6E05-4F3E-8710-3672E3CE2866}.Release|Any CPU.Build.0 = Release|x64
		{76BE7FED-6E05-4F3E-8710-3672E3CE2866}.Release|x64.ActiveCfg = Release|x64
		{76BE7FED-6E05-4F3E-8710-3672E3CE2866}.Release|x64.Build.0 = Release|x64
		{76BE7FED-6E05-4F3E-8710-3672E3CE2866}.Release|x86.ActiveCfg = Release|Win32
		{76BE7FED-6E05-4F3E-8710-3672E3CE2866}.Release|x86.Build.0 = Release|Win32
		{F24F3A8D-6C50-4BBD-9A1E-9D575712A09F}.Debug|Any CPU.ActiveCfg = Debug|x64
		{F24F3A8D-6C50-4BBD-9A1E-9D575712A09F}.Debug|Any CPU.Build.0 = Debug|x64
		{F24F3A8D-6C50-4BBD-9A1E-9D575712A09F}.Debug|x64.ActiveCfg = Debug|x64
		{F24F3A8D-6C50-4BBD-9A1E-9D575712A09F}.Debug|x64.Build.0 = Debug|x64
		{F24F3A8D-6C50-4BBD-9A1E-9D575712A09F}.Debug|x86.ActiveCfg = Debug|Win32
		{F24F3A8D-6C50-4BBD-9A1E-9D575712A09F}.Debug|x86.Build.0 = Debug|Win32
		{F24F3A8D-6C50-4BBD-9A1E-9D575712A09F}.Release|Any CPU.ActiveCfg = Release|x64
		{F24F3A8D-6C50-4BBD-9A1E-9D575712A09F}.Release|Any CPU.Build.0 = Release|x64
		{F24F3A8D-6C50-4BBD-9A1E-9D575712A09F}.Release|x64.ActiveCfg = Release|x64
		{F24F3A8D-6C50-4BBD-9A1E-9D575712A09F}.Release|x64.Build.0 = Release|x64
		{F24F3A8D-6C50-4BBD-9A1E-9D575712A09F}.Release|x86.ActiveCfg = Release|Win32
		{F24F3A8D-6C50-4BBD-9A1E-9D575712A09F}.Release|x86.Build.0 = Release|Win32
		{FD87D9F1-1566-441E-92CC-F080E89159FD}.Debug|Any CPU.ActiveCfg = Debug|x64
		{FD87D9F1-1566-441E-92CC-F080E89159FD}.Debug|Any CPU.Build.0 = Debug|x64
		{FD87D9F1-1566-441E-92CC-F080E89159FD}.Debug|x64.ActiveCfg = Debug|x64
		{FD87D9F1-1566-441E-92CC-F080E89159FD}.Debug|x64.Build.0 = Debug|x64
		{FD87D9F1-1566-441E-92CC-F080E89159FD}.Debug|x86.ActiveCfg = Debug|Win32
		{FD87D9F1-1566-441E-92CC-F080E89159FD}.Debug|x86.Build.0 = Debug|Win32
		{FD87D9F1-1566-441E-92CC-F080E89159FD}.Release|Any CPU.ActiveCfg = Release|x64
		{FD87D9F1-1566-441E-92CC-F080E89159FD}.Release|Any CPU.Build.0 = Release|x64
		{FD87D9F1-1566-441E-92CC-F080E89159FD}.Release|x64.ActiveCfg = Release|x64
		{FD87D9F1-1566-441E-92CC-F080E89159FD}.Release|x64.Build.0 = Release|x64
		{FD87D9F1-1566-441E-92CC-F080E89159FD}.Release|x86.ActiveCfg = Release|Win32
		{FD87D9F1-1566-441E-92CC-F080E89159FD}.Release|x86.Build.0 = Release|Win32
	EndGlobalSection
	GlobalSection(SolutionProperties) = preSolution
		HideSolutionNode = FALSE
	EndGlobalSection
	GlobalSection(NestedProjects) = preSolution
		{EC92349F-A20E-491D-93BC-2F8BAC739FA4} = {878A64EA-65A7-449B-807D-2FB6CBB2EFA5}
		{48EC6BB9-F9AB-48F8-AE99-89DF52EC03DE} = {878A64EA-65A7-449B-807D-2FB6CBB2EFA5}
		{F1F5CE38-9897-4B29-A0FA-64863EE81681} = {5783B78E-EC71-43BB-9CD0-14E2F6DE6995}
		{69A6E13B-E079-423A-9765-2CC42F5D4656} = {5783B78E-EC71-43BB-9CD0-14E2F6DE6995}
		{76BE7FED-6E05-4F3E-8710-3672E3CE2866} = {5783B78E-EC71-43BB-9CD0-14E2F6DE6995}
		{F24F3A8D-6C50-4BBD-9A1E-9D575712A09F} = {5783B78E-EC71-43BB-9CD0-14E2F6DE6995}
		{5783B78E-EC71-43BB-9CD0-14E2F6DE6995} = {B136A086-5A91-4E2D-820F-672BDB48668F}
		{FD87D9F1-1566-441E-92CC-F080E89159FD} = {B136A086-5A91-4E2D-820F-672BDB48668F}
	EndGlobalSection
EndGlobal
